
Microsoft Visual Studio Solution File, Format Version 12.00
Project("{FAE04EC0-301F-11D3-BF4B-00C04F79EFBC}") = "MatrixCalculator.CUI", "MatrixCalculator.CUI\MatrixCalculator.CUI.csproj", "{7E8C3D69-0A5E-478B-A4C4-7E0F2117272F}"
EndProject
Project("{FAE04EC0-301F-11D3-BF4B-00C04F79EFBC}") = "MatrixCalculator.Domain", "MatrixCalculator.Domain\MatrixCalculator.Domain.csproj", "{ADD17A41-E582-44AF-A741-20EF5B077035}"
EndProject
Project("{FAE04EC0-301F-11D3-BF4B-00C04F79EFBC}") = "MatrixCalculator.IO", "MatrixCalculator.IO\MatrixCalculator.IO.csproj", "{ADB3CD36-DF17-4FC9-9563-40B6DF85417C}"
EndProject
Global
	GlobalSection(SolutionConfigurationPlatforms) = preSolution
		Debug|Any CPU = Debug|Any CPU
		Release|Any CPU = Release|Any CPU
	EndGlobalSection
	GlobalSection(ProjectConfigurationPlatforms) = postSolution
		{7E8C3D69-0A5E-478B-A4C4-7E0F2117272F}.Debug|Any CPU.ActiveCfg = Debug|Any CPU
		{7E8C3D69-0A5E-478B-A4C4-7E0F2117272F}.Debug|Any CPU.Build.0 = Debug|Any CPU
		{7E8C3D69-0A5E-478B-A4C4-7E0F2117272F}.Release|Any CPU.ActiveCfg = Release|Any CPU
		{7E8C3D69-0A5E-478B-A4C4-7E0F2117272F}.Release|Any CPU.Build.0 = Release|Any CPU
		{ADD17A41-E582-44AF-A741-20EF5B077035}.Debug|Any CPU.ActiveCfg = Debug|Any CPU
		{ADD17A41-E582-44AF-A741-20EF5B077035}.Debug|Any CPU.Build.0 = Debug|Any CPU
		{ADD17A41-E582-44AF-A741-20EF5B077035}.Release|Any CPU.ActiveCfg = Release|Any CPU
		{ADD17A41-E582-44AF-A741-20EF5B077035}.Release|Any CPU.Build.0 = Release|Any CPU
		{ADB3CD36-DF17-4FC9-9563-40B6DF85417C}.Debug|Any CPU.ActiveCfg = Debug|Any CPU
		{ADB3CD36-DF17-4FC9-9563-40B6DF85417C}.Debug|Any CPU.Build.0 = Debug|Any CPU
		{ADB3CD36-DF17-4FC9-9563-40B6DF85417C}.Release|Any CPU.ActiveCfg = Release|Any CPU
		{ADB3CD36-DF17-4FC9-9563-40B6DF85417C}.Release|Any CPU.Build.0 = Release|Any CPU
	EndGlobalSection
EndGlobal
